{
  "version": "4",
  "specifiers": {
    "npm:@mjackson/node-fetch-server@~0.6.1": "0.6.1"
  },
  "npm": {
    "@mjackson/node-fetch-server@0.6.1": {
      "integrity": "sha512-9ZJnk/DJjt805uv5PPv11haJIW+HHf3YEEyVXv+8iLQxLD/iXA68FH220XoiTPBC4gCg5q+IMadDw8qPqlA5wg=="
    }
  },
  "workspace": {
    "packageJson": {
      "dependencies": [
        "npm:@mjackson/node-fetch-server@~0.6.1"
      ]
    }
  }
}
